
Microsoft Visual Studio Solution File, Format Version 12.00
# Visual Studio Version 17
VisualStudioVersion = 17.3.32929.385
MinimumVisualStudioVersion = 10.0.40219.1
Project("{FAE04EC0-301F-11D3-BF4B-00C04F79EFBC}") = "AddressBook", "AddressBook.csproj", "{B87B022F-C47B-440A-B6CD-E3F63B19738F}"
EndProject
Global
	GlobalSection(SolutionConfigurationPlatforms) = preSolution
		Debug|Any CPU = Debug|Any CPU
		Release|Any CPU = Release|Any CPU
	EndGlobalSection
	GlobalSection(ProjectConfigurationPlatforms) = postSolution
		{B87B022F-C47B-440A-B6CD-E3F63B19738F}.Debug|Any CPU.ActiveCfg = Debug|Any CPU
		{B87B022F-C47B-440A-B6CD-E3F63B19738F}.Debug|Any CPU.Build.0 = Debug|Any CPU
		{B87B022F-C47B-440A-B6CD-E3F63B19738F}.Release|Any CPU.ActiveCfg = Release|Any CPU
		{B87B022F-C47B-440A-B6CD-E3F63B19738F}.Release|Any CPU.Build.0 = Release|Any CPU
	EndGlobalSection
	GlobalSection(SolutionProperties) = preSolution
		HideSolutionNode = FALSE
	EndGlobalSection
	GlobalSection(ExtensibilityGlobals) = postSolution
		SolutionGuid = {C0EFE932-831B-49ED-AE89-6D535FCE83F1}
	EndGlobalSection
EndGlobal
